
Microsoft Visual Studio Solution File, Format Version 12.00
# Visual Studio 2013
VisualStudioVersion = 12.0.21005.1
MinimumVisualStudioVersion = 10.0.40219.1
Project("{2150E333-8FDC-42A3-9474-1A3956D46DE8}") = ".nuget", ".nuget", "{91397335-A331-4999-886E-126A49CFD3A2}"
	ProjectSection(SolutionItems) = preProject
		.nuget\NuGet.Config = .nuget\NuGet.Config
		.nuget\NuGet.exe = .nuget\NuGet.exe
		.nuget\NuGet.targets = .nuget\NuGet.targets
	EndProjectSection
EndProject
Project("{F2A71F9B-5D33-465A-A702-920D77279786}") = "Expr", "Expr\Expr.fsproj", "{1EDF0A3E-D0D1-4C25-905B-612769D46BF0}"
EndProject
Global
	GlobalSection(SolutionConfigurationPlatforms) = preSolution
		Debug|Any CPU = Debug|Any CPU
		Release|Any CPU = Release|Any CPU
	EndGlobalSection
	GlobalSection(ProjectConfigurationPlatforms) = postSolution
		{1EDF0A3E-D0D1-4C25-905B-612769D46BF0}.Debug|Any CPU.ActiveCfg = Debug|Any CPU
		{1EDF0A3E-D0D1-4C25-905B-612769D46BF0}.Debug|Any CPU.Build.0 = Debug|Any CPU
		{1EDF0A3E-D0D1-4C25-905B-612769D46BF0}.Release|Any CPU.ActiveCfg = Release|Any CPU
		{1EDF0A3E-D0D1-4C25-905B-612769D46BF0}.Release|Any CPU.Build.0 = Release|Any CPU
	EndGlobalSection
	GlobalSection(SolutionProperties) = preSolution
		HideSolutionNode = FALSE
	EndGlobalSection
EndGlobal
